<?xml version="1.0" encoding="utf-8"?>
<Project ToolsVersion="4.0" xmlns="http://schemas.microsoft.com/developer/msbuild/2003">
  <ItemGroup>
    <ClCompile Include="RVAu1.cpp">
      <Filter>Source Files</Filter>
    </ClCompile>
    <ClCompile Include="objectload.cpp">
      <Filter>Source Files</Filter>
    </ClCompile>
    <ClCompile Include="gamecontrol.cpp">
      <Filter>Source Files</Filter>
    </ClCompile>
  </ItemGroup>
  <ItemGroup>
    <Filter Include="Header Files">
      <UniqueIdentifier>{f75a9977-f454-4d4d-883a-2e18195109f5}</UniqueIdentifier>
    </Filter>
    <Filter Include="Source Files">
      <UniqueIdentifier>{60dfb99d-802e-40eb-a9ef-499b47311fa0}</UniqueIdentifier>
    </Filter>
  </ItemGroup>
  <ItemGroup>
    <ClInclude Include="objectload.h">
      <Filter>Header Files</Filter>
    </ClInclude>
    <ClInclude Include="RVAu1.h">
      <Filter>Header Files</Filter>
    </ClInclude>
    <ClInclude Include="gamecontrol.h">
      <Filter>Header Files</Filter>
    </ClInclude>
  </ItemGroup>
</Project>