Microsoft Visual Studio Solution File, Format Version 11.00
# Visual Studio 2010
Project("{8BC9CEB8-8B4A-11D0-8D11-00A0C91BC942}") = "libAR", "lib\SRC\AR\libAR.vcxproj", "{191F78D2-7A53-4EAF-94E9-433DF5496E6E}"
	ProjectSection(ProjectDependencies) = postProject
		{7DFC1637-6F93-4033-920D-2B3811241464} = {7DFC1637-6F93-4033-920D-2B3811241464}
		{C90F035F-437C-4285-BBCA-8DDC70582356} = {C90F035F-437C-4285-BBCA-8DDC70582356}
		{8AAAFC7D-0CF2-4E59-BEEA-DD4398CA55BF} = {8AAAFC7D-0CF2-4E59-BEEA-DD4398CA55BF}
		{B5E62882-360E-46B2-A97F-50443BB795E3} = {B5E62882-360E-46B2-A97F-50443BB795E3}
		{1CB7F08A-A8E5-457B-A589-9878F126601D} = {1CB7F08A-A8E5-457B-A589-9878F126601D}
		{141F90C2-6630-4D7A-834F-D5D57C6CFC24} = {141F90C2-6630-4D7A-834F-D5D57C6CFC24}
		{81A146C4-A7ED-462D-ADF3-FE93E82F2B9B} = {81A146C4-A7ED-462D-ADF3-FE93E82F2B9B}
		{E5287CD2-4BAC-4341-AF28-A1F9C0F5949C} = {E5287CD2-4BAC-4341-AF28-A1F9C0F5949C}
		{ED407BF6-F8A1-4C7E-9952-E5454896AC63} = {ED407BF6-F8A1-4C7E-9952-E5454896AC63}
		{6BB655FE-B823-4BE4-BDC9-FD3738FF82BC} = {6BB655FE-B823-4BE4-BDC9-FD3738FF82BC}
	EndProjectSection
EndProject
Project("{8BC9CEB8-8B4A-11D0-8D11-00A0C91BC942}") = "libARMulti", "lib\SRC\ARMulti\libARMulti.vcxproj", "{6BB655FE-B823-4BE4-BDC9-FD3738FF82BC}"
EndProject
Project("{8BC9CEB8-8B4A-11D0-8D11-00A0C91BC942}") = "libARgsub", "lib\SRC\Gl\libARgsub.vcxproj", "{1CB7F08A-A8E5-457B-A589-9878F126601D}"
EndProject
Project("{8BC9CEB8-8B4A-11D0-8D11-00A0C91BC942}") = "libARgsubUtil", "lib\SRC\Gl\libARgsubUtil.vcxproj", "{81A146C4-A7ED-462D-ADF3-FE93E82F2B9B}"
EndProject
Project("{8BC9CEB8-8B4A-11D0-8D11-00A0C91BC942}") = "simpleTest", "examples\simple\simpleTest.vcxproj", "{89E3CB14-46DF-46BB-B87F-CC653045B14C}"
EndProject
Project("{8BC9CEB8-8B4A-11D0-8D11-00A0C91BC942}") = "simpleTest2", "examples\simple2\simpleTest2.vcxproj", "{591A24EE-AE23-7439-B131-D7A75370BFE8}"
EndProject
Project("{8BC9CEB8-8B4A-11D0-8D11-00A0C91BC942}") = "relationTest", "examples\relation\relationTest.vcxproj", "{1E69B126-6965-4DEC-5FED-5A392CCDD2B5}"
EndProject
Project("{8BC9CEB8-8B4A-11D0-8D11-00A0C91BC942}") = "optical", "examples\optical\optical.vcxproj", "{E50769E3-0646-8D8C-3318-308E7D1A9149}"
EndProject
Project("{8BC9CEB8-8B4A-11D0-8D11-00A0C91BC942}") = "multiTest", "examples\multi\multiTest.vcxproj", "{AAE4C85D-5090-725A-1213-96DA1C47FA86}"
EndProject
Project("{8BC9CEB8-8B4A-11D0-8D11-00A0C91BC942}") = "exview", "examples\exview\exview.vcxproj", "{470DFC62-B400-2B24-4FF1-B2AAA5936303}"
EndProject
Project("{8BC9CEB8-8B4A-11D0-8D11-00A0C91BC942}") = "calib_camera2", "util\calib_camera2\calib_camera2.vcxproj", "{7218026D-600A-2D4D-C387-44E5B226FA6A}"
EndProject
Project("{8BC9CEB8-8B4A-11D0-8D11-00A0C91BC942}") = "calib_cparam", "util\calib_cparam\calib_cparam.vcxproj", "{C5DDBA06-F8CF-0191-E0BB-3D92CD5C1538}"
EndProject
Project("{8BC9CEB8-8B4A-11D0-8D11-00A0C91BC942}") = "calib_dist", "util\calib_distortion\calib_dist.vcxproj", "{0304C918-FB5D-5047-11BF-7DCB5020DFF4}"
EndProject
Project("{8BC9CEB8-8B4A-11D0-8D11-00A0C91BC942}") = "mk_patt", "util\mk_patt\mk_patt.vcxproj", "{92E9C84C-BADB-EF76-FA80-740BA0F532DF}"
EndProject
Project("{8BC9CEB8-8B4A-11D0-8D11-00A0C91BC942}") = "libARgsub_lite", "lib\SRC\Gl\libARgsub_lite.vcxproj", "{8AAAFC7D-0CF2-4E59-BEEA-DD4398CA55BF}"
EndProject
Project("{8BC9CEB8-8B4A-11D0-8D11-00A0C91BC942}") = "simpleLite", "examples\simpleLite\simpleLite.vcxproj", "{A1BB0AD4-A5E7-4C0F-9FE8-D584F6B2FBF2}"
EndProject
Project("{8BC9CEB8-8B4A-11D0-8D11-00A0C91BC942}") = "libARvideo", "lib\SRC\VideoWin32DirectShow\libARvideo.vcxproj", "{B5E62882-360E-46B2-A97F-50443BB795E3}"
EndProject
Project("{8BC9CEB8-8B4A-11D0-8D11-00A0C91BC942}") = "collideTest", "examples\collide\collideTest.vcxproj", "{5FA7A8DD-5430-4644-91A9-51626083BB97}"
EndProject
Project("{8BC9CEB8-8B4A-11D0-8D11-00A0C91BC942}") = "loadMultiple", "examples\loadMultiple\loadMultiple.vcxproj", "{783FACE5-1839-4EEF-9BA6-363214268B2E}"
EndProject
Project("{8BC9CEB8-8B4A-11D0-8D11-00A0C91BC942}") = "modeTest", "examples\modeTest\modeTest.vcxproj", "{84700F48-BA9E-4465-AFEE-D31B15157A69}"
EndProject
Project("{8BC9CEB8-8B4A-11D0-8D11-00A0C91BC942}") = "paddleTest", "examples\paddle\paddleTest.vcxproj", "{FDE263E5-1713-4E16-8199-663CAECA981E}"
EndProject
Project("{8BC9CEB8-8B4A-11D0-8D11-00A0C91BC942}") = "paddleDemo", "examples\paddleDemo\paddleDemo.vcxproj", "{A363668A-A9B7-4CB4-89C6-67911CE040E0}"
EndProject
Project("{8BC9CEB8-8B4A-11D0-8D11-00A0C91BC942}") = "paddleInteractionTest", "examples\paddleInteraction\paddleInteractionTest.vcxproj", "{6057A7AF-B6DF-4535-8453-E27EDDDDDD02}"
EndProject
Project("{8BC9CEB8-8B4A-11D0-8D11-00A0C91BC942}") = "rangeTest", "examples\range\rangeTest.vcxproj", "{43965D43-1F96-4C4C-AB04-912B388A779C}"
EndProject
Project("{8BC9CEB8-8B4A-11D0-8D11-00A0C91BC942}") = "twoView", "examples\twoView\twoView.vcxproj", "{AE939D29-D571-404E-A9DC-15B532FDA41D}"
EndProject
Project("{8BC9CEB8-8B4A-11D0-8D11-00A0C91BC942}") = "graphicsTest", "util\graphicsTest\graphicsTest.vcxproj", "{8C93A102-ABC7-4848-A183-BD1F3471159C}"
EndProject
Project("{8BC9CEB8-8B4A-11D0-8D11-00A0C91BC942}") = "videoTest", "util\videoTest\videoTest.vcxproj", "{401D60F6-AF80-481B-A6EB-9FB03130AB1F}"
EndProject
Project("{8BC9CEB8-8B4A-11D0-8D11-00A0C91BC942}") = "libARvrml", "lib\SRC\ARvrml\libARvrml.vcxproj", "{C90F035F-437C-4285-BBCA-8DDC70582356}"
	ProjectSection(ProjectDependencies) = postProject
		{7DFC1637-6F93-4033-920D-2B3811241464} = {7DFC1637-6F93-4033-920D-2B3811241464}
		{141F90C2-6630-4D7A-834F-D5D57C6CFC24} = {141F90C2-6630-4D7A-834F-D5D57C6CFC24}
		{E5287CD2-4BAC-4341-AF28-A1F9C0F5949C} = {E5287CD2-4BAC-4341-AF28-A1F9C0F5949C}
		{ED407BF6-F8A1-4C7E-9952-E5454896AC63} = {ED407BF6-F8A1-4C7E-9952-E5454896AC63}
	EndProjectSection
EndProject
Project("{8BC9CEB8-8B4A-11D0-8D11-00A0C91BC942}") = "simpleVRML", "examples\simpleVRML\simpleVRML.vcxproj", "{7B5EFC13-7883-82CC-7D72-732240F68F29}"
EndProject
Project("{8BC9CEB8-8B4A-11D0-8D11-00A0C91BC942}") = "openvrml", "OpenVRML\src\openvrml-0.14.3\ide-projects\Windows\VisualC7\OpenVRML\openvrml\openvrml.vcxproj", "{E5287CD2-4BAC-4341-AF28-A1F9C0F5949C}"
EndProject
Project("{8BC9CEB8-8B4A-11D0-8D11-00A0C91BC942}") = "antlr", "OpenVRML\src\openvrml-0.14.3\ide-projects\Windows\VisualC7\OpenVRML\antlr\antlr.vcxproj", "{ED407BF6-F8A1-4C7E-9952-E5454896AC63}"
EndProject
Project("{8BC9CEB8-8B4A-11D0-8D11-00A0C91BC942}") = "regex", "OpenVRML\src\openvrml-0.14.3\ide-projects\Windows\VisualC7\OpenVRML\regex\regex.vcxproj", "{7DFC1637-6F93-4033-920D-2B3811241464}"
EndProject
Project("{8BC9CEB8-8B4A-11D0-8D11-00A0C91BC942}") = "openvrml-gl", "OpenVRML\src\openvrml-0.14.3\ide-projects\Windows\VisualC7\OpenVRML\openvrml-gl\openvrml-gl.vcxproj", "{141F90C2-6630-4D7A-834F-D5D57C6CFC24}"
EndProject
Project("{2150E333-8FDC-42A3-9474-1A3956D46DE8}") = "libs", "libs", "{FFB19927-DF0A-4217-BCA1-B48D0D319BF0}"
EndProject
Project("{2150E333-8FDC-42A3-9474-1A3956D46DE8}") = "examples", "examples", "{1D771183-A36D-4575-8C79-2DE66B476E24}"
EndProject
Project("{2150E333-8FDC-42A3-9474-1A3956D46DE8}") = "utils", "utils", "{C8D4E602-05AB-4E11-B7E8-DD6BB55BDB93}"
EndProject
Project("{8BC9CEB8-8B4A-11D0-8D11-00A0C91BC942}") = "RVAu1", "RVAu1\RVAu1.vcxproj", "{4E6FCBF8-AA44-4E08-957C-41D69E6ED31C}"
EndProject
Global
	GlobalSection(SolutionConfigurationPlatforms) = preSolution
		Debug|Win32 = Debug|Win32
		Release (Intel)|Win32 = Release (Intel)|Win32
		Release|Win32 = Release|Win32
	EndGlobalSection
	GlobalSection(ProjectConfigurationPlatforms) = postSolution
		{191F78D2-7A53-4EAF-94E9-433DF5496E6E}.Debug|Win32.ActiveCfg = Debug|Win32
		{191F78D2-7A53-4EAF-94E9-433DF5496E6E}.Debug|Win32.Build.0 = Debug|Win32
		{191F78D2-7A53-4EAF-94E9-433DF5496E6E}.Release (Intel)|Win32.ActiveCfg = Release|Win32
		{191F78D2-7A53-4EAF-94E9-433DF5496E6E}.Release|Win32.ActiveCfg = Release|Win32
		{191F78D2-7A53-4EAF-94E9-433DF5496E6E}.Release|Win32.Build.0 = Release|Win32
		{6BB655FE-B823-4BE4-BDC9-FD3738FF82BC}.Debug|Win32.ActiveCfg = Debug|Win32
		{6BB655FE-B823-4BE4-BDC9-FD3738FF82BC}.Debug|Win32.Build.0 = Debug|Win32
		{6BB655FE-B823-4BE4-BDC9-FD3738FF82BC}.Release (Intel)|Win32.ActiveCfg = Release|Win32
		{6BB655FE-B823-4BE4-BDC9-FD3738FF82BC}.Release|Win32.ActiveCfg = Release|Win32
		{6BB655FE-B823-4BE4-BDC9-FD3738FF82BC}.Release|Win32.Build.0 = Release|Win32
		{1CB7F08A-A8E5-457B-A589-9878F126601D}.Debug|Win32.ActiveCfg = Debug|Win32
		{1CB7F08A-A8E5-457B-A589-9878F126601D}.Debug|Win32.Build.0 = Debug|Win32
		{1CB7F08A-A8E5-457B-A589-9878F126601D}.Release (Intel)|Win32.ActiveCfg = Release|Win32
		{1CB7F08A-A8E5-457B-A589-9878F126601D}.Release|Win32.ActiveCfg = Release|Win32
		{1CB7F08A-A8E5-457B-A589-9878F126601D}.Release|Win32.Build.0 = Release|Win32
		{81A146C4-A7ED-462D-ADF3-FE93E82F2B9B}.Debug|Win32.ActiveCfg = Debug|Win32
		{81A146C4-A7ED-462D-ADF3-FE93E82F2B9B}.Debug|Win32.Build.0 = Debug|Win32
		{81A146C4-A7ED-462D-ADF3-FE93E82F2B9B}.Release (Intel)|Win32.ActiveCfg = Release|Win32
		{81A146C4-A7ED-462D-ADF3-FE93E82F2B9B}.Release|Win32.ActiveCfg = Release|Win32
		{81A146C4-A7ED-462D-ADF3-FE93E82F2B9B}.Release|Win32.Build.0 = Release|Win32
		{89E3CB14-46DF-46BB-B87F-CC653045B14C}.Debug|Win32.ActiveCfg = Debug|Win32
		{89E3CB14-46DF-46BB-B87F-CC653045B14C}.Debug|Win32.Build.0 = Debug|Win32
		{89E3CB14-46DF-46BB-B87F-CC653045B14C}.Release (Intel)|Win32.ActiveCfg = Release|Win32
		{89E3CB14-46DF-46BB-B87F-CC653045B14C}.Release (Intel)|Win32.Build.0 = Release|Win32
		{89E3CB14-46DF-46BB-B87F-CC653045B14C}.Release|Win32.ActiveCfg = Release|Win32
		{89E3CB14-46DF-46BB-B87F-CC653045B14C}.Release|Win32.Build.0 = Release|Win32
		{591A24EE-AE23-7439-B131-D7A75370BFE8}.Debug|Win32.ActiveCfg = Debug|Win32
		{591A24EE-AE23-7439-B131-D7A75370BFE8}.Debug|Win32.Build.0 = Debug|Win32
		{591A24EE-AE23-7439-B131-D7A75370BFE8}.Release (Intel)|Win32.ActiveCfg = Release|Win32
		{591A24EE-AE23-7439-B131-D7A75370BFE8}.Release|Win32.ActiveCfg = Release|Win32
		{591A24EE-AE23-7439-B131-D7A75370BFE8}.Release|Win32.Build.0 = Release|Win32
		{1E69B126-6965-4DEC-5FED-5A392CCDD2B5}.Debug|Win32.ActiveCfg = Debug|Win32
		{1E69B126-6965-4DEC-5FED-5A392CCDD2B5}.Debug|Win32.Build.0 = Debug|Win32
		{1E69B126-6965-4DEC-5FED-5A392CCDD2B5}.Release (Intel)|Win32.ActiveCfg = Release|Win32
		{1E69B126-6965-4DEC-5FED-5A392CCDD2B5}.Release|Win32.ActiveCfg = Release|Win32
		{1E69B126-6965-4DEC-5FED-5A392CCDD2B5}.Release|Win32.Build.0 = Release|Win32
		{E50769E3-0646-8D8C-3318-308E7D1A9149}.Debug|Win32.ActiveCfg = Debug|Win32
		{E50769E3-0646-8D8C-3318-308E7D1A9149}.Debug|Win32.Build.0 = Debug|Win32
		{E50769E3-0646-8D8C-3318-308E7D1A9149}.Release (Intel)|Win32.ActiveCfg = Release|Win32
		{E50769E3-0646-8D8C-3318-308E7D1A9149}.Release|Win32.ActiveCfg = Release|Win32
		{E50769E3-0646-8D8C-3318-308E7D1A9149}.Release|Win32.Build.0 = Release|Win32
		{AAE4C85D-5090-725A-1213-96DA1C47FA86}.Debug|Win32.ActiveCfg = Debug|Win32
		{AAE4C85D-5090-725A-1213-96DA1C47FA86}.Debug|Win32.Build.0 = Debug|Win32
		{AAE4C85D-5090-725A-1213-96DA1C47FA86}.Release (Intel)|Win32.ActiveCfg = Release|Win32
		{AAE4C85D-5090-725A-1213-96DA1C47FA86}.Release|Win32.ActiveCfg = Release|Win32
		{AAE4C85D-5090-725A-1213-96DA1C47FA86}.Release|Win32.Build.0 = Release|Win32
		{470DFC62-B400-2B24-4FF1-B2AAA5936303}.Debug|Win32.ActiveCfg = Debug|Win32
		{470DFC62-B400-2B24-4FF1-B2AAA5936303}.Debug|Win32.Build.0 = Debug|Win32
		{470DFC62-B400-2B24-4FF1-B2AAA5936303}.Release (Intel)|Win32.ActiveCfg = Release|Win32
		{470DFC62-B400-2B24-4FF1-B2AAA5936303}.Release|Win32.ActiveCfg = Release|Win32
		{470DFC62-B400-2B24-4FF1-B2AAA5936303}.Release|Win32.Build.0 = Release|Win32
		{7218026D-600A-2D4D-C387-44E5B226FA6A}.Debug|Win32.ActiveCfg = Debug|Win32
		{7218026D-600A-2D4D-C387-44E5B226FA6A}.Debug|Win32.Build.0 = Debug|Win32
		{7218026D-600A-2D4D-C387-44E5B226FA6A}.Release (Intel)|Win32.ActiveCfg = Release|Win32
		{7218026D-600A-2D4D-C387-44E5B226FA6A}.Release|Win32.ActiveCfg = Release|Win32
		{7218026D-600A-2D4D-C387-44E5B226FA6A}.Release|Win32.Build.0 = Release|Win32
		{C5DDBA06-F8CF-0191-E0BB-3D92CD5C1538}.Debug|Win32.ActiveCfg = Debug|Win32
		{C5DDBA06-F8CF-0191-E0BB-3D92CD5C1538}.Debug|Win32.Build.0 = Debug|Win32
		{C5DDBA06-F8CF-0191-E0BB-3D92CD5C1538}.Release (Intel)|Win32.ActiveCfg = Release|Win32
		{C5DDBA06-F8CF-0191-E0BB-3D92CD5C1538}.Release|Win32.ActiveCfg = Release|Win32
		{C5DDBA06-F8CF-0191-E0BB-3D92CD5C1538}.Release|Win32.Build.0 = Release|Win32
		{0304C918-FB5D-5047-11BF-7DCB5020DFF4}.Debug|Win32.ActiveCfg = Debug|Win32
		{0304C918-FB5D-5047-11BF-7DCB5020DFF4}.Debug|Win32.Build.0 = Debug|Win32
		{0304C918-FB5D-5047-11BF-7DCB5020DFF4}.Release (Intel)|Win32.ActiveCfg = Release|Win32
		{0304C918-FB5D-5047-11BF-7DCB5020DFF4}.Release|Win32.ActiveCfg = Release|Win32
		{0304C918-FB5D-5047-11BF-7DCB5020DFF4}.Release|Win32.Build.0 = Release|Win32
		{92E9C84C-BADB-EF76-FA80-740BA0F532DF}.Debug|Win32.ActiveCfg = Debug|Win32
		{92E9C84C-BADB-EF76-FA80-740BA0F532DF}.Debug|Win32.Build.0 = Debug|Win32
		{92E9C84C-BADB-EF76-FA80-740BA0F532DF}.Release (Intel)|Win32.ActiveCfg = Release|Win32
		{92E9C84C-BADB-EF76-FA80-740BA0F532DF}.Release|Win32.ActiveCfg = Release|Win32
		{92E9C84C-BADB-EF76-FA80-740BA0F532DF}.Release|Win32.Build.0 = Release|Win32
		{8AAAFC7D-0CF2-4E59-BEEA-DD4398CA55BF}.Debug|Win32.ActiveCfg = Debug|Win32
		{8AAAFC7D-0CF2-4E59-BEEA-DD4398CA55BF}.Debug|Win32.Build.0 = Debug|Win32
		{8AAAFC7D-0CF2-4E59-BEEA-DD4398CA55BF}.Release (Intel)|Win32.ActiveCfg = Release|Win32
		{8AAAFC7D-0CF2-4E59-BEEA-DD4398CA55BF}.Release|Win32.ActiveCfg = Release|Win32
		{8AAAFC7D-0CF2-4E59-BEEA-DD4398CA55BF}.Release|Win32.Build.0 = Release|Win32
		{A1BB0AD4-A5E7-4C0F-9FE8-D584F6B2FBF2}.Debug|Win32.ActiveCfg = Debug|Win32
		{A1BB0AD4-A5E7-4C0F-9FE8-D584F6B2FBF2}.Debug|Win32.Build.0 = Debug|Win32
		{A1BB0AD4-A5E7-4C0F-9FE8-D584F6B2FBF2}.Release (Intel)|Win32.ActiveCfg = Release|Win32
		{A1BB0AD4-A5E7-4C0F-9FE8-D584F6B2FBF2}.Release|Win32.ActiveCfg = Release|Win32
		{A1BB0AD4-A5E7-4C0F-9FE8-D584F6B2FBF2}.Release|Win32.Build.0 = Release|Win32
		{B5E62882-360E-46B2-A97F-50443BB795E3}.Debug|Win32.ActiveCfg = Debug|Win32
		{B5E62882-360E-46B2-A97F-50443BB795E3}.Debug|Win32.Build.0 = Debug|Win32
		{B5E62882-360E-46B2-A97F-50443BB795E3}.Release (Intel)|Win32.ActiveCfg = Release|Win32
		{B5E62882-360E-46B2-A97F-50443BB795E3}.Release|Win32.ActiveCfg = Release|Win32
		{B5E62882-360E-46B2-A97F-50443BB795E3}.Release|Win32.Build.0 = Release|Win32
		{5FA7A8DD-5430-4644-91A9-51626083BB97}.Debug|Win32.ActiveCfg = Debug|Win32
		{5FA7A8DD-5430-4644-91A9-51626083BB97}.Debug|Win32.Build.0 = Debug|Win32
		{5FA7A8DD-5430-4644-91A9-51626083BB97}.Release (Intel)|Win32.ActiveCfg = Release|Win32
		{5FA7A8DD-5430-4644-91A9-51626083BB97}.Release (Intel)|Win32.Build.0 = Release|Win32
		{5FA7A8DD-5430-4644-91A9-51626083BB97}.Release|Win32.ActiveCfg = Release|Win32
		{5FA7A8DD-5430-4644-91A9-51626083BB97}.Release|Win32.Build.0 = Release|Win32
		{783FACE5-1839-4EEF-9BA6-363214268B2E}.Debug|Win32.ActiveCfg = Debug|Win32
		{783FACE5-1839-4EEF-9BA6-363214268B2E}.Debug|Win32.Build.0 = Debug|Win32
		{783FACE5-1839-4EEF-9BA6-363214268B2E}.Release (Intel)|Win32.ActiveCfg = Release|Win32
		{783FACE5-1839-4EEF-9BA6-363214268B2E}.Release (Intel)|Win32.Build.0 = Release|Win32
		{783FACE5-1839-4EEF-9BA6-363214268B2E}.Release|Win32.ActiveCfg = Release|Win32
		{783FACE5-1839-4EEF-9BA6-363214268B2E}.Release|Win32.Build.0 = Release|Win32
		{84700F48-BA9E-4465-AFEE-D31B15157A69}.Debug|Win32.ActiveCfg = Debug|Win32
		{84700F48-BA9E-4465-AFEE-D31B15157A69}.Debug|Win32.Build.0 = Debug|Win32
		{84700F48-BA9E-4465-AFEE-D31B15157A69}.Release (Intel)|Win32.ActiveCfg = Release|Win32
		{84700F48-BA9E-4465-AFEE-D31B15157A69}.Release (Intel)|Win32.Build.0 = Release|Win32
		{84700F48-BA9E-4465-AFEE-D31B15157A69}.Release|Win32.ActiveCfg = Release|Win32
		{84700F48-BA9E-4465-AFEE-D31B15157A69}.Release|Win32.Build.0 = Release|Win32
		{FDE263E5-1713-4E16-8199-663CAECA981E}.Debug|Win32.ActiveCfg = Debug|Win32
		{FDE263E5-1713-4E16-8199-663CAECA981E}.Debug|Win32.Build.0 = Debug|Win32
		{FDE263E5-1713-4E16-8199-663CAECA981E}.Release (Intel)|Win32.ActiveCfg = Release|Win32
		{FDE263E5-1713-4E16-8199-663CAECA981E}.Release (Intel)|Win32.Build.0 = Release|Win32
		{FDE263E5-1713-4E16-8199-663CAECA981E}.Release|Win32.ActiveCfg = Release|Win32
		{FDE263E5-1713-4E16-8199-663CAECA981E}.Release|Win32.Build.0 = Release|Win32
		{A363668A-A9B7-4CB4-89C6-67911CE040E0}.Debug|Win32.ActiveCfg = Debug|Win32
		{A363668A-A9B7-4CB4-89C6-67911CE040E0}.Debug|Win32.Build.0 = Debug|Win32
		{A363668A-A9B7-4CB4-89C6-67911CE040E0}.Release (Intel)|Win32.ActiveCfg = Release|Win32
		{A363668A-A9B7-4CB4-89C6-67911CE040E0}.Release (Intel)|Win32.Build.0 = Release|Win32
		{A363668A-A9B7-4CB4-89C6-67911CE040E0}.Release|Win32.ActiveCfg = Release|Win32
		{A363668A-A9B7-4CB4-89C6-67911CE040E0}.Release|Win32.Build.0 = Release|Win32
		{6057A7AF-B6DF-4535-8453-E27EDDDDDD02}.Debug|Win32.ActiveCfg = Debug|Win32
		{6057A7AF-B6DF-4535-8453-E27EDDDDDD02}.Debug|Win32.Build.0 = Debug|Win32
		{6057A7AF-B6DF-4535-8453-E27EDDDDDD02}.Release (Intel)|Win32.ActiveCfg = Release|Win32
		{6057A7AF-B6DF-4535-8453-E27EDDDDDD02}.Release (Intel)|Win32.Build.0 = Release|Win32
		{6057A7AF-B6DF-4535-8453-E27EDDDDDD02}.Release|Win32.ActiveCfg = Release|Win32
		{6057A7AF-B6DF-4535-8453-E27EDDDDDD02}.Release|Win32.Build.0 = Release|Win32
		{43965D43-1F96-4C4C-AB04-912B388A779C}.Debug|Win32.ActiveCfg = Debug|Win32
		{43965D43-1F96-4C4C-AB04-912B388A779C}.Debug|Win32.Build.0 = Debug|Win32
		{43965D43-1F96-4C4C-AB04-912B388A779C}.Release (Intel)|Win32.ActiveCfg = Release|Win32
		{43965D43-1F96-4C4C-AB04-912B388A779C}.Release (Intel)|Win32.Build.0 = Release|Win32
		{43965D43-1F96-4C4C-AB04-912B388A779C}.Release|Win32.ActiveCfg = Release|Win32
		{43965D43-1F96-4C4C-AB04-912B388A779C}.Release|Win32.Build.0 = Release|Win32
		{AE939D29-D571-404E-A9DC-15B532FDA41D}.Debug|Win32.ActiveCfg = Debug|Win32
		{AE939D29-D571-404E-A9DC-15B532FDA41D}.Debug|Win32.Build.0 = Debug|Win32
		{AE939D29-D571-404E-A9DC-15B532FDA41D}.Release (Intel)|Win32.ActiveCfg = Release|Win32
		{AE939D29-D571-404E-A9DC-15B532FDA41D}.Release (Intel)|Win32.Build.0 = Release|Win32
		{AE939D29-D571-404E-A9DC-15B532FDA41D}.Release|Win32.ActiveCfg = Release|Win32
		{AE939D29-D571-404E-A9DC-15B532FDA41D}.Release|Win32.Build.0 = Release|Win32
		{8C93A102-ABC7-4848-A183-BD1F3471159C}.Debug|Win32.ActiveCfg = Debug|Win32
		{8C93A102-ABC7-4848-A183-BD1F3471159C}.Debug|Win32.Build.0 = Debug|Win32
		{8C93A102-ABC7-4848-A183-BD1F3471159C}.Release (Intel)|Win32.ActiveCfg = Release|Win32
		{8C93A102-ABC7-4848-A183-BD1F3471159C}.Release (Intel)|Win32.Build.0 = Release|Win32
		{8C93A102-ABC7-4848-A183-BD1F3471159C}.Release|Win32.ActiveCfg = Release|Win32
		{8C93A102-ABC7-4848-A183-BD1F3471159C}.Release|Win32.Build.0 = Release|Win32
		{401D60F6-AF80-481B-A6EB-9FB03130AB1F}.Debug|Win32.ActiveCfg = Debug|Win32
		{401D60F6-AF80-481B-A6EB-9FB03130AB1F}.Debug|Win32.Build.0 = Debug|Win32
		{401D60F6-AF80-481B-A6EB-9FB03130AB1F}.Release (Intel)|Win32.ActiveCfg = Release|Win32
		{401D60F6-AF80-481B-A6EB-9FB03130AB1F}.Release (Intel)|Win32.Build.0 = Release|Win32
		{401D60F6-AF80-481B-A6EB-9FB03130AB1F}.Release|Win32.ActiveCfg = Release|Win32
		{401D60F6-AF80-481B-A6EB-9FB03130AB1F}.Release|Win32.Build.0 = Release|Win32
		{C90F035F-437C-4285-BBCA-8DDC70582356}.Debug|Win32.ActiveCfg = Debug|Win32
		{C90F035F-437C-4285-BBCA-8DDC70582356}.Debug|Win32.Build.0 = Debug|Win32
		{C90F035F-437C-4285-BBCA-8DDC70582356}.Release (Intel)|Win32.ActiveCfg = Release|Win32
		{C90F035F-437C-4285-BBCA-8DDC70582356}.Release (Intel)|Win32.Build.0 = Release|Win32
		{C90F035F-437C-4285-BBCA-8DDC70582356}.Release|Win32.ActiveCfg = Release|Win32
		{7B5EFC13-7883-82CC-7D72-732240F68F29}.Debug|Win32.ActiveCfg = Debug|Win32
		{7B5EFC13-7883-82CC-7D72-732240F68F29}.Debug|Win32.Build.0 = Debug|Win32
		{7B5EFC13-7883-82CC-7D72-732240F68F29}.Release (Intel)|Win32.ActiveCfg = Release|Win32
		{7B5EFC13-7883-82CC-7D72-732240F68F29}.Release (Intel)|Win32.Build.0 = Release|Win32
		{7B5EFC13-7883-82CC-7D72-732240F68F29}.Release|Win32.ActiveCfg = Release|Win32
		{7B5EFC13-7883-82CC-7D72-732240F68F29}.Release|Win32.Build.0 = Release|Win32
		{E5287CD2-4BAC-4341-AF28-A1F9C0F5949C}.Debug|Win32.ActiveCfg = Debug|Win32
		{E5287CD2-4BAC-4341-AF28-A1F9C0F5949C}.Debug|Win32.Build.0 = Debug|Win32
		{E5287CD2-4BAC-4341-AF28-A1F9C0F5949C}.Release (Intel)|Win32.ActiveCfg = Release|Win32
		{E5287CD2-4BAC-4341-AF28-A1F9C0F5949C}.Release (Intel)|Win32.Build.0 = Release|Win32
		{E5287CD2-4BAC-4341-AF28-A1F9C0F5949C}.Release|Win32.ActiveCfg = Release|Win32
		{E5287CD2-4BAC-4341-AF28-A1F9C0F5949C}.Release|Win32.Build.0 = Release|Win32
		{ED407BF6-F8A1-4C7E-9952-E5454896AC63}.Debug|Win32.ActiveCfg = Debug|Win32
		{ED407BF6-F8A1-4C7E-9952-E5454896AC63}.Debug|Win32.Build.0 = Debug|Win32
		{ED407BF6-F8A1-4C7E-9952-E5454896AC63}.Release (Intel)|Win32.ActiveCfg = Release|Win32
		{ED407BF6-F8A1-4C7E-9952-E5454896AC63}.Release (Intel)|Win32.Build.0 = Release|Win32
		{ED407BF6-F8A1-4C7E-9952-E5454896AC63}.Release|Win32.ActiveCfg = Release|Win32
		{ED407BF6-F8A1-4C7E-9952-E5454896AC63}.Release|Win32.Build.0 = Release|Win32
		{7DFC1637-6F93-4033-920D-2B3811241464}.Debug|Win32.ActiveCfg = Debug|Win32
		{7DFC1637-6F93-4033-920D-2B3811241464}.Debug|Win32.Build.0 = Debug|Win32
		{7DFC1637-6F93-4033-920D-2B3811241464}.Release (Intel)|Win32.ActiveCfg = Release|Win32
		{7DFC1637-6F93-4033-920D-2B3811241464}.Release (Intel)|Win32.Build.0 = Release|Win32
		{7DFC1637-6F93-4033-920D-2B3811241464}.Release|Win32.ActiveCfg = Release|Win32
		{7DFC1637-6F93-4033-920D-2B3811241464}.Release|Win32.Build.0 = Release|Win32
		{141F90C2-6630-4D7A-834F-D5D57C6CFC24}.Debug|Win32.ActiveCfg = Debug|Win32
		{141F90C2-6630-4D7A-834F-D5D57C6CFC24}.Debug|Win32.Build.0 = Debug|Win32
		{141F90C2-6630-4D7A-834F-D5D57C6CFC24}.Release (Intel)|Win32.ActiveCfg = Release|Win32
		{141F90C2-6630-4D7A-834F-D5D57C6CFC24}.Release (Intel)|Win32.Build.0 = Release|Win32
		{141F90C2-6630-4D7A-834F-D5D57C6CFC24}.Release|Win32.ActiveCfg = Release|Win32
		{141F90C2-6630-4D7A-834F-D5D57C6CFC24}.Release|Win32.Build.0 = Release|Win32
		{4E6FCBF8-AA44-4E08-957C-41D69E6ED31C}.Debug|Win32.ActiveCfg = Debug|Win32
		{4E6FCBF8-AA44-4E08-957C-41D69E6ED31C}.Debug|Win32.Build.0 = Debug|Win32
		{4E6FCBF8-AA44-4E08-957C-41D69E6ED31C}.Release (Intel)|Win32.ActiveCfg = Release|Win32
		{4E6FCBF8-AA44-4E08-957C-41D69E6ED31C}.Release (Intel)|Win32.Build.0 = Release|Win32
		{4E6FCBF8-AA44-4E08-957C-41D69E6ED31C}.Release|Win32.ActiveCfg = Release|Win32
		{4E6FCBF8-AA44-4E08-957C-41D69E6ED31C}.Release|Win32.Build.0 = Release|Win32
	EndGlobalSection
	GlobalSection(SolutionProperties) = preSolution
		HideSolutionNode = FALSE
	EndGlobalSection
	GlobalSection(NestedProjects) = preSolution
		{6BB655FE-B823-4BE4-BDC9-FD3738FF82BC} = {FFB19927-DF0A-4217-BCA1-B48D0D319BF0}
		{1CB7F08A-A8E5-457B-A589-9878F126601D} = {FFB19927-DF0A-4217-BCA1-B48D0D319BF0}
		{81A146C4-A7ED-462D-ADF3-FE93E82F2B9B} = {FFB19927-DF0A-4217-BCA1-B48D0D319BF0}
		{8AAAFC7D-0CF2-4E59-BEEA-DD4398CA55BF} = {FFB19927-DF0A-4217-BCA1-B48D0D319BF0}
		{B5E62882-360E-46B2-A97F-50443BB795E3} = {FFB19927-DF0A-4217-BCA1-B48D0D319BF0}
		{C90F035F-437C-4285-BBCA-8DDC70582356} = {FFB19927-DF0A-4217-BCA1-B48D0D319BF0}
		{E5287CD2-4BAC-4341-AF28-A1F9C0F5949C} = {FFB19927-DF0A-4217-BCA1-B48D0D319BF0}
		{ED407BF6-F8A1-4C7E-9952-E5454896AC63} = {FFB19927-DF0A-4217-BCA1-B48D0D319BF0}
		{7DFC1637-6F93-4033-920D-2B3811241464} = {FFB19927-DF0A-4217-BCA1-B48D0D319BF0}
		{141F90C2-6630-4D7A-834F-D5D57C6CFC24} = {FFB19927-DF0A-4217-BCA1-B48D0D319BF0}
		{191F78D2-7A53-4EAF-94E9-433DF5496E6E} = {FFB19927-DF0A-4217-BCA1-B48D0D319BF0}
		{591A24EE-AE23-7439-B131-D7A75370BFE8} = {1D771183-A36D-4575-8C79-2DE66B476E24}
		{1E69B126-6965-4DEC-5FED-5A392CCDD2B5} = {1D771183-A36D-4575-8C79-2DE66B476E24}
		{E50769E3-0646-8D8C-3318-308E7D1A9149} = {1D771183-A36D-4575-8C79-2DE66B476E24}
		{AAE4C85D-5090-725A-1213-96DA1C47FA86} = {1D771183-A36D-4575-8C79-2DE66B476E24}
		{470DFC62-B400-2B24-4FF1-B2AAA5936303} = {1D771183-A36D-4575-8C79-2DE66B476E24}
		{A1BB0AD4-A5E7-4C0F-9FE8-D584F6B2FBF2} = {1D771183-A36D-4575-8C79-2DE66B476E24}
		{5FA7A8DD-5430-4644-91A9-51626083BB97} = {1D771183-A36D-4575-8C79-2DE66B476E24}
		{783FACE5-1839-4EEF-9BA6-363214268B2E} = {1D771183-A36D-4575-8C79-2DE66B476E24}
		{84700F48-BA9E-4465-AFEE-D31B15157A69} = {1D771183-A36D-4575-8C79-2DE66B476E24}
		{FDE263E5-1713-4E16-8199-663CAECA981E} = {1D771183-A36D-4575-8C79-2DE66B476E24}
		{A363668A-A9B7-4CB4-89C6-67911CE040E0} = {1D771183-A36D-4575-8C79-2DE66B476E24}
		{6057A7AF-B6DF-4535-8453-E27EDDDDDD02} = {1D771183-A36D-4575-8C79-2DE66B476E24}
		{43965D43-1F96-4C4C-AB04-912B388A779C} = {1D771183-A36D-4575-8C79-2DE66B476E24}
		{AE939D29-D571-404E-A9DC-15B532FDA41D} = {1D771183-A36D-4575-8C79-2DE66B476E24}
		{7B5EFC13-7883-82CC-7D72-732240F68F29} = {1D771183-A36D-4575-8C79-2DE66B476E24}
		{89E3CB14-46DF-46BB-B87F-CC653045B14C} = {1D771183-A36D-4575-8C79-2DE66B476E24}
		{C5DDBA06-F8CF-0191-E0BB-3D92CD5C1538} = {C8D4E602-05AB-4E11-B7E8-DD6BB55BDB93}
		{0304C918-FB5D-5047-11BF-7DCB5020DFF4} = {C8D4E602-05AB-4E11-B7E8-DD6BB55BDB93}
		{92E9C84C-BADB-EF76-FA80-740BA0F532DF} = {C8D4E602-05AB-4E11-B7E8-DD6BB55BDB93}
		{8C93A102-ABC7-4848-A183-BD1F3471159C} = {C8D4E602-05AB-4E11-B7E8-DD6BB55BDB93}
		{401D60F6-AF80-481B-A6EB-9FB03130AB1F} = {C8D4E602-05AB-4E11-B7E8-DD6BB55BDB93}
		{7218026D-600A-2D4D-C387-44E5B226FA6A} = {C8D4E602-05AB-4E11-B7E8-DD6BB55BDB93}
	EndGlobalSection
EndGlobal
